
Microsoft Visual Studio Solution File, Format Version 12.00
# Visual Studio 15
VisualStudioVersion = 15.0.28307.136
MinimumVisualStudioVersion = 10.0.40219.1
Project("{FAE04EC0-301F-11D3-BF4B-00C04F79EFBC}") = "adb_project", "pruebamysql\adb_project.csproj", "{0387BFCF-E168-47B0-9706-A76D87A43C53}"
EndProject
Global
	GlobalSection(SolutionConfigurationPlatforms) = preSolution
		Debug|x86 = Debug|x86
		Release|x86 = Release|x86
	EndGlobalSection
	GlobalSection(ProjectConfigurationPlatforms) = postSolution
		{0387BFCF-E168-47B0-9706-A76D87A43C53}.Debug|x86.ActiveCfg = Debug|x86
		{0387BFCF-E168-47B0-9706-A76D87A43C53}.Debug|x86.Build.0 = Debug|x86
		{0387BFCF-E168-47B0-9706-A76D87A43C53}.Release|x86.ActiveCfg = Release|x86
		{0387BFCF-E168-47B0-9706-A76D87A43C53}.Release|x86.Build.0 = Release|x86
	EndGlobalSection
	GlobalSection(SolutionProperties) = preSolution
		HideSolutionNode = FALSE
	EndGlobalSection
	GlobalSection(ExtensibilityGlobals) = postSolution
		SolutionGuid = {C36C7BA8-7174-4F08-BEE6-4C647DA67146}
	EndGlobalSection
EndGlobal
